# APM Lock File — do not edit manually
# Generated by install-apm-bundle
schema: https://ssg-ai-backbone.io/schemas/apm-lock/v1
version: "0.0.41"
mode: standard
provider: github-copilot
installed_at: "2026-05-12T14:13:33Z"
updated_at: "2026-05-12T14:13:33Z"
source:
  package: ssg-ai-backbone
  archive: ssg-ai-backbone-copilot.tar.gz
  checksum: "44d677502591367d5504927b456dc266c5ba47358f93c17e4f603996356a634c"
